
Microsoft Visual Studio Solution File, Format Version 12.00
# Visual Studio 15
VisualStudioVersion = 15.0.27428.2002
MinimumVisualStudioVersion = 10.0.40219.1
Project("{FAE04EC0-301F-11D3-BF4B-00C04F79EFBC}") = "Control.Net", "Control.Net\Control.Net.csproj", "{19E28C95-38E5-4F91-B9DB-303D12BF0897}"
EndProject
Project("{FAE04EC0-301F-11D3-BF4B-00C04F79EFBC}") = "Control.Web", "Control.Web\Control.Web.csproj", "{4E150FF5-3CAE-4ECC-9E52-37DFA7EEFD12}"
EndProject
Global
	GlobalSection(SolutionConfigurationPlatforms) = preSolution
		Debug|Any CPU = Debug|Any CPU
		Release|Any CPU = Release|Any CPU
	EndGlobalSection
	GlobalSection(ProjectConfigurationPlatforms) = postSolution
		{19E28C95-38E5-4F91-B9DB-303D12BF0897}.Debug|Any CPU.ActiveCfg = Debug|Any CPU
		{19E28C95-38E5-4F91-B9DB-303D12BF0897}.Debug|Any CPU.Build.0 = Debug|Any CPU
		{19E28C95-38E5-4F91-B9DB-303D12BF0897}.Release|Any CPU.ActiveCfg = Release|Any CPU
		{19E28C95-38E5-4F91-B9DB-303D12BF0897}.Release|Any CPU.Build.0 = Release|Any CPU
		{4E150FF5-3CAE-4ECC-9E52-37DFA7EEFD12}.Debug|Any CPU.ActiveCfg = Debug|Any CPU
		{4E150FF5-3CAE-4ECC-9E52-37DFA7EEFD12}.Debug|Any CPU.Build.0 = Debug|Any CPU
		{4E150FF5-3CAE-4ECC-9E52-37DFA7EEFD12}.Release|Any CPU.ActiveCfg = Release|Any CPU
		{4E150FF5-3CAE-4ECC-9E52-37DFA7EEFD12}.Release|Any CPU.Build.0 = Release|Any CPU
	EndGlobalSection
	GlobalSection(SolutionProperties) = preSolution
		HideSolutionNode = FALSE
	EndGlobalSection
	GlobalSection(ExtensibilityGlobals) = postSolution
		SolutionGuid = {FE62E27C-42BD-4C05-B93E-284FC0B88718}
	EndGlobalSection
EndGlobal
